
Microsoft Visual Studio Solution File, Format Version 12.00
# Visual Studio Version 17
VisualStudioVersion = 17.1.32210.238
MinimumVisualStudioVersion = 10.0.40219.1
Project("{9A19103F-16F7-4668-BE54-9A1E7A4F7556}") = "Kiltex.SistemaGestion.Api", "Kiltex.SistemaGestion.Api.csproj", "{8462AA8B-1882-471B-9AC7-782AC90584EC}"
EndProject
Project("{9A19103F-16F7-4668-BE54-9A1E7A4F7556}") = "Kiltex.SistemaGestion.Domain", "..\Kiltex.SistemaGestion.Domain\Kiltex.SistemaGestion.Domain.csproj", "{642CCB72-CEDF-41E7-8B2B-963210F6F496}"
EndProject
Project("{9A19103F-16F7-4668-BE54-9A1E7A4F7556}") = "Kiltex.SistemaGestion.Services", "..\Kiltex.SistemaGestion.Services\Kiltex.SistemaGestion.Services.csproj", "{D1237991-0B76-489C-8BAE-21130B5EA6AA}"
EndProject
Project("{9A19103F-16F7-4668-BE54-9A1E7A4F7556}") = "Kiltex.SistemaGestion.SDK", "..\Kiltex.SistemaGestion.SDK\Kiltex.SistemaGestion.SDK.csproj", "{C2DED2D4-F7B3-4ADF-9382-770BB113DD82}"
EndProject
Global
	GlobalSection(SolutionConfigurationPlatforms) = preSolution
		Debug|Any CPU = Debug|Any CPU
		Release|Any CPU = Release|Any CPU
	EndGlobalSection
	GlobalSection(ProjectConfigurationPlatforms) = postSolution
		{8462AA8B-1882-471B-9AC7-782AC90584EC}.Debug|Any CPU.ActiveCfg = Debug|Any CPU
		{8462AA8B-1882-471B-9AC7-782AC90584EC}.Debug|Any CPU.Build.0 = Debug|Any CPU
		{8462AA8B-1882-471B-9AC7-782AC90584EC}.Release|Any CPU.ActiveCfg = Release|Any CPU
		{8462AA8B-1882-471B-9AC7-782AC90584EC}.Release|Any CPU.Build.0 = Release|Any CPU
		{642CCB72-CEDF-41E7-8B2B-963210F6F496}.Debug|Any CPU.ActiveCfg = Debug|Any CPU
		{642CCB72-CEDF-41E7-8B2B-963210F6F496}.Debug|Any CPU.Build.0 = Debug|Any CPU
		{642CCB72-CEDF-41E7-8B2B-963210F6F496}.Release|Any CPU.ActiveCfg = Release|Any CPU
		{642CCB72-CEDF-41E7-8B2B-963210F6F496}.Release|Any CPU.Build.0 = Release|Any CPU
		{D1237991-0B76-489C-8BAE-21130B5EA6AA}.Debug|Any CPU.ActiveCfg = Debug|Any CPU
		{D1237991-0B76-489C-8BAE-21130B5EA6AA}.Debug|Any CPU.Build.0 = Debug|Any CPU
		{D1237991-0B76-489C-8BAE-21130B5EA6AA}.Release|Any CPU.ActiveCfg = Release|Any CPU
		{D1237991-0B76-489C-8BAE-21130B5EA6AA}.Release|Any CPU.Build.0 = Release|Any CPU
		{C2DED2D4-F7B3-4ADF-9382-770BB113DD82}.Debug|Any CPU.ActiveCfg = Debug|Any CPU
		{C2DED2D4-F7B3-4ADF-9382-770BB113DD82}.Debug|Any CPU.Build.0 = Debug|Any CPU
		{C2DED2D4-F7B3-4ADF-9382-770BB113DD82}.Release|Any CPU.ActiveCfg = Release|Any CPU
		{C2DED2D4-F7B3-4ADF-9382-770BB113DD82}.Release|Any CPU.Build.0 = Release|Any CPU
	EndGlobalSection
	GlobalSection(SolutionProperties) = preSolution
		HideSolutionNode = FALSE
	EndGlobalSection
	GlobalSection(ExtensibilityGlobals) = postSolution
		SolutionGuid = {68AB4116-4B3B-4DEB-8F1F-5F4A980D7F33}
	EndGlobalSection
EndGlobal
